
Microsoft Visual Studio Solution File, Format Version 12.00
# Visual Studio 15
VisualStudioVersion = 15.0.28307.902
MinimumVisualStudioVersion = 10.0.40219.1
Project("{FAE04EC0-301F-11D3-BF4B-00C04F79EFBC}") = "MemoryGame.App.Android", "MemoryGame.App\MemoryGame.App.Android\MemoryGame.App.Android.csproj", "{198C9A2C-2033-4793-BE91-1B1A6DCE0141}"
EndProject
Project("{FAE04EC0-301F-11D3-BF4B-00C04F79EFBC}") = "MemoryGame.App.iOS", "MemoryGame.App\MemoryGame.App.iOS\MemoryGame.App.iOS.csproj", "{23884544-C936-4CE4-9D0E-9E44955FFC2E}"
EndProject
Project("{9A19103F-16F7-4668-BE54-9A1E7A4F7556}") = "MemoryGame.App", "MemoryGame.App\MemoryGame.App\MemoryGame.App.csproj", "{E98DEEC4-F89F-4271-8D04-7E9069DB1AE3}"
EndProject
Project("{FAE04EC0-301F-11D3-BF4B-00C04F79EFBC}") = "MemoryGame.API", "MemoryGame.API\MemoryGame.API.csproj", "{B0E52022-1E41-4F15-A978-F08F20FA1B26}"
EndProject
Project("{FAE04EC0-301F-11D3-BF4B-00C04F79EFBC}") = "MemoryGame.Web", "MemoryGame.Web\MemoryGame.Web.csproj", "{AE573072-38EA-4CC7-93EB-926AFBBD5E13}"
EndProject
Global
	GlobalSection(SolutionConfigurationPlatforms) = preSolution
		Ad-Hoc|Any CPU = Ad-Hoc|Any CPU
		Ad-Hoc|iPhone = Ad-Hoc|iPhone
		Ad-Hoc|iPhoneSimulator = Ad-Hoc|iPhoneSimulator
		AppStore|Any CPU = AppStore|Any CPU
		AppStore|iPhone = AppStore|iPhone
		AppStore|iPhoneSimulator = AppStore|iPhoneSimulator
		Debug|Any CPU = Debug|Any CPU
		Debug|iPhone = Debug|iPhone
		Debug|iPhoneSimulator = Debug|iPhoneSimulator
		Release|Any CPU = Release|Any CPU
		Release|iPhone = Release|iPhone
		Release|iPhoneSimulator = Release|iPhoneSimulator
	EndGlobalSection
	GlobalSection(ProjectConfigurationPlatforms) = postSolution
		{198C9A2C-2033-4793-BE91-1B1A6DCE0141}.Ad-Hoc|Any CPU.ActiveCfg = Release|Any CPU
		{198C9A2C-2033-4793-BE91-1B1A6DCE0141}.Ad-Hoc|Any CPU.Build.0 = Release|Any CPU
		{198C9A2C-2033-4793-BE91-1B1A6DCE0141}.Ad-Hoc|Any CPU.Deploy.0 = Release|Any CPU
		{198C9A2C-2033-4793-BE91-1B1A6DCE0141}.Ad-Hoc|iPhone.ActiveCfg = Release|Any CPU
		{198C9A2C-2033-4793-BE91-1B1A6DCE0141}.Ad-Hoc|iPhone.Build.0 = Release|Any CPU
		{198C9A2C-2033-4793-BE91-1B1A6DCE0141}.Ad-Hoc|iPhone.Deploy.0 = Release|Any CPU
		{198C9A2C-2033-4793-BE91-1B1A6DCE0141}.Ad-Hoc|iPhoneSimulator.ActiveCfg = Release|Any CPU
		{198C9A2C-2033-4793-BE91-1B1A6DCE0141}.Ad-Hoc|iPhoneSimulator.Build.0 = Release|Any CPU
		{198C9A2C-2033-4793-BE91-1B1A6DCE0141}.Ad-Hoc|iPhoneSimulator.Deploy.0 = Release|Any CPU
		{198C9A2C-2033-4793-BE91-1B1A6DCE0141}.AppStore|Any CPU.ActiveCfg = Release|Any CPU
		{198C9A2C-2033-4793-BE91-1B1A6DCE0141}.AppStore|Any CPU.Build.0 = Release|Any CPU
		{198C9A2C-2033-4793-BE91-1B1A6DCE0141}.AppStore|Any CPU.Deploy.0 = Release|Any CPU
		{198C9A2C-2033-4793-BE91-1B1A6DCE0141}.AppStore|iPhone.ActiveCfg = Release|Any CPU
		{198C9A2C-2033-4793-BE91-1B1A6DCE0141}.AppStore|iPhone.Build.0 = Release|Any CPU
		{198C9A2C-2033-4793-BE91-1B1A6DCE0141}.AppStore|iPhone.Deploy.0 = Release|Any CPU
		{198C9A2C-2033-4793-BE91-1B1A6DCE0141}.AppStore|iPhoneSimulator.ActiveCfg = Release|Any CPU
		{198C9A2C-2033-4793-BE91-1B1A6DCE0141}.AppStore|iPhoneSimulator.Build.0 = Release|Any CPU
		{198C9A2C-2033-4793-BE91-1B1A6DCE0141}.AppStore|iPhoneSimulator.Deploy.0 = Release|Any CPU
		{198C9A2C-2033-4793-BE91-1B1A6DCE0141}.Debug|Any CPU.ActiveCfg = Debug|Any CPU
		{198C9A2C-2033-4793-BE91-1B1A6DCE0141}.Debug|Any CPU.Build.0 = Debug|Any CPU
		{198C9A2C-2033-4793-BE91-1B1A6DCE0141}.Debug|Any CPU.Deploy.0 = Debug|Any CPU
		{198C9A2C-2033-4793-BE91-1B1A6DCE0141}.Debug|iPhone.ActiveCfg = Debug|Any CPU
		{198C9A2C-2033-4793-BE91-1B1A6DCE0141}.Debug|iPhone.Build.0 = Debug|Any CPU
		{198C9A2C-2033-4793-BE91-1B1A6DCE0141}.Debug|iPhone.Deploy.0 = Debug|Any CPU
		{198C9A2C-2033-4793-BE91-1B1A6DCE0141}.Debug|iPhoneSimulator.ActiveCfg = Debug|Any CPU
		{198C9A2C-2033-4793-BE91-1B1A6DCE0141}.Debug|iPhoneSimulator.Build.0 = Debug|Any CPU
		{198C9A2C-2033-4793-BE91-1B1A6DCE0141}.Debug|iPhoneSimulator.Deploy.0 = Debug|Any CPU
		{198C9A2C-2033-4793-BE91-1B1A6DCE0141}.Release|Any CPU.ActiveCfg = Release|Any CPU
		{198C9A2C-2033-4793-BE91-1B1A6DCE0141}.Release|Any CPU.Build.0 = Release|Any CPU
		{198C9A2C-2033-4793-BE91-1B1A6DCE0141}.Release|Any CPU.Deploy.0 = Release|Any CPU
		{198C9A2C-2033-4793-BE91-1B1A6DCE0141}.Release|iPhone.ActiveCfg = Release|Any CPU
		{198C9A2C-2033-4793-BE91-1B1A6DCE0141}.Release|iPhone.Build.0 = Release|Any CPU
		{198C9A2C-2033-4793-BE91-1B1A6DCE0141}.Release|iPhone.Deploy.0 = Release|Any CPU
		{198C9A2C-2033-4793-BE91-1B1A6DCE0141}.Release|iPhoneSimulator.ActiveCfg = Release|Any CPU
		{198C9A2C-2033-4793-BE91-1B1A6DCE0141}.Release|iPhoneSimulator.Build.0 = Release|Any CPU
		{198C9A2C-2033-4793-BE91-1B1A6DCE0141}.Release|iPhoneSimulator.Deploy.0 = Release|Any CPU
		{23884544-C936-4CE4-9D0E-9E44955FFC2E}.Ad-Hoc|Any CPU.ActiveCfg = Ad-Hoc|iPhone
		{23884544-C936-4CE4-9D0E-9E44955FFC2E}.Ad-Hoc|Any CPU.Build.0 = Ad-Hoc|iPhone
		{23884544-C936-4CE4-9D0E-9E44955FFC2E}.Ad-Hoc|Any CPU.Deploy.0 = Ad-Hoc|iPhone
		{23884544-C936-4CE4-9D0E-9E44955FFC2E}.Ad-Hoc|iPhone.ActiveCfg = Ad-Hoc|iPhone
		{23884544-C936-4CE4-9D0E-9E44955FFC2E}.Ad-Hoc|iPhone.Build.0 = Ad-Hoc|iPhone
		{23884544-C936-4CE4-9D0E-9E44955FFC2E}.Ad-Hoc|iPhone.Deploy.0 = Ad-Hoc|iPhone
		{23884544-C936-4CE4-9D0E-9E44955FFC2E}.Ad-Hoc|iPhoneSimulator.ActiveCfg = Ad-Hoc|iPhoneSimulator
		{23884544-C936-4CE4-9D0E-9E44955FFC2E}.Ad-Hoc|iPhoneSimulator.Build.0 = Ad-Hoc|iPhoneSimulator
		{23884544-C936-4CE4-9D0E-9E44955FFC2E}.Ad-Hoc|iPhoneSimulator.Deploy.0 = Ad-Hoc|iPhoneSimulator
		{23884544-C936-4CE4-9D0E-9E44955FFC2E}.AppStore|Any CPU.ActiveCfg = AppStore|iPhone
		{23884544-C936-4CE4-9D0E-9E44955FFC2E}.AppStore|Any CPU.Build.0 = AppStore|iPhone
		{23884544-C936-4CE4-9D0E-9E44955FFC2E}.AppStore|Any CPU.Deploy.0 = AppStore|iPhone
		{23884544-C936-4CE4-9D0E-9E44955FFC2E}.AppStore|iPhone.ActiveCfg = AppStore|iPhone
		{23884544-C936-4CE4-9D0E-9E44955FFC2E}.AppStore|iPhone.Build.0 = AppStore|iPhone
		{23884544-C936-4CE4-9D0E-9E44955FFC2E}.AppStore|iPhone.Deploy.0 = AppStore|iPhone
		{23884544-C936-4CE4-9D0E-9E44955FFC2E}.AppStore|iPhoneSimulator.ActiveCfg = AppStore|iPhoneSimulator
		{23884544-C936-4CE4-9D0E-9E44955FFC2E}.AppStore|iPhoneSimulator.Build.0 = AppStore|iPhoneSimulator
		{23884544-C936-4CE4-9D0E-9E44955FFC2E}.AppStore|iPhoneSimulator.Deploy.0 = AppStore|iPhoneSimulator
		{23884544-C936-4CE4-9D0E-9E44955FFC2E}.Debug|Any CPU.ActiveCfg = Debug|iPhoneSimulator
		{23884544-C936-4CE4-9D0E-9E44955FFC2E}.Debug|Any CPU.Build.0 = Debug|iPhoneSimulator
		{23884544-C936-4CE4-9D0E-9E44955FFC2E}.Debug|Any CPU.Deploy.0 = Debug|iPhoneSimulator
		{23884544-C936-4CE4-9D0E-9E44955FFC2E}.Debug|iPhone.ActiveCfg = Debug|iPhone
		{23884544-C936-4CE4-9D0E-9E44955FFC2E}.Debug|iPhone.Build.0 = Debug|iPhone
		{23884544-C936-4CE4-9D0E-9E44955FFC2E}.Debug|iPhone.Deploy.0 = Debug|iPhone
		{23884544-C936-4CE4-9D0E-9E44955FFC2E}.Debug|iPhoneSimulator.ActiveCfg = Debug|iPhoneSimulator
		{23884544-C936-4CE4-9D0E-9E44955FFC2E}.Debug|iPhoneSimulator.Build.0 = Debug|iPhoneSimulator
		{23884544-C936-4CE4-9D0E-9E44955FFC2E}.Debug|iPhoneSimulator.Deploy.0 = Debug|iPhoneSimulator
		{23884544-C936-4CE4-9D0E-9E44955FFC2E}.Release|Any CPU.ActiveCfg = Release|iPhone
		{23884544-C936-4CE4-9D0E-9E44955FFC2E}.Release|Any CPU.Build.0 = Release|iPhone
		{23884544-C936-4CE4-9D0E-9E44955FFC2E}.Release|Any CPU.Deploy.0 = Release|iPhone
		{23884544-C936-4CE4-9D0E-9E44955FFC2E}.Release|iPhone.ActiveCfg = Release|iPhone
		{23884544-C936-4CE4-9D0E-9E44955FFC2E}.Release|iPhone.Build.0 = Release|iPhone
		{23884544-C936-4CE4-9D0E-9E44955FFC2E}.Release|iPhone.Deploy.0 = Release|iPhone
		{23884544-C936-4CE4-9D0E-9E44955FFC2E}.Release|iPhoneSimulator.ActiveCfg = Release|iPhoneSimulator
		{23884544-C936-4CE4-9D0E-9E44955FFC2E}.Release|iPhoneSimulator.Build.0 = Release|iPhoneSimulator
		{23884544-C936-4CE4-9D0E-9E44955FFC2E}.Release|iPhoneSimulator.Deploy.0 = Release|iPhoneSimulator
		{E98DEEC4-F89F-4271-8D04-7E9069DB1AE3}.Ad-Hoc|Any CPU.ActiveCfg = Debug|Any CPU
		{E98DEEC4-F89F-4271-8D04-7E9069DB1AE3}.Ad-Hoc|Any CPU.Build.0 = Debug|Any CPU
		{E98DEEC4-F89F-4271-8D04-7E9069DB1AE3}.Ad-Hoc|Any CPU.Deploy.0 = Debug|Any CPU
		{E98DEEC4-F89F-4271-8D04-7E9069DB1AE3}.Ad-Hoc|iPhone.ActiveCfg = Debug|Any CPU
		{E98DEEC4-F89F-4271-8D04-7E9069DB1AE3}.Ad-Hoc|iPhone.Build.0 = Debug|Any CPU
		{E98DEEC4-F89F-4271-8D04-7E9069DB1AE3}.Ad-Hoc|iPhone.Deploy.0 = Debug|Any CPU
		{E98DEEC4-F89F-4271-8D04-7E9069DB1AE3}.Ad-Hoc|iPhoneSimulator.ActiveCfg = Debug|Any CPU
		{E98DEEC4-F89F-4271-8D04-7E9069DB1AE3}.Ad-Hoc|iPhoneSimulator.Build.0 = Debug|Any CPU
		{E98DEEC4-F89F-4271-8D04-7E9069DB1AE3}.Ad-Hoc|iPhoneSimulator.Deploy.0 = Debug|Any CPU
		{E98DEEC4-F89F-4271-8D04-7E9069DB1AE3}.AppStore|Any CPU.ActiveCfg = Debug|Any CPU
		{E98DEEC4-F89F-4271-8D04-7E9069DB1AE3}.AppStore|Any CPU.Build.0 = Debug|Any CPU
		{E98DEEC4-F89F-4271-8D04-7E9069DB1AE3}.AppStore|Any CPU.Deploy.0 = Debug|Any CPU
		{E98DEEC4-F89F-4271-8D04-7E9069DB1AE3}.AppStore|iPhone.ActiveCfg = Debug|Any CPU
		{E98DEEC4-F89F-4271-8D04-7E9069DB1AE3}.AppStore|iPhone.Build.0 = Debug|Any CPU
		{E98DEEC4-F89F-4271-8D04-7E9069DB1AE3}.AppStore|iPhone.Deploy.0 = Debug|Any CPU
		{E98DEEC4-F89F-4271-8D04-7E9069DB1AE3}.AppStore|iPhoneSimulator.ActiveCfg = Debug|Any CPU
		{E98DEEC4-F89F-4271-8D04-7E9069DB1AE3}.AppStore|iPhoneSimulator.Build.0 = Debug|Any CPU
		{E98DEEC4-F89F-4271-8D04-7E9069DB1AE3}.AppStore|iPhoneSimulator.Deploy.0 = Debug|Any CPU
		{E98DEEC4-F89F-4271-8D04-7E9069DB1AE3}.Debug|Any CPU.ActiveCfg = Debug|Any CPU
		{E98DEEC4-F89F-4271-8D04-7E9069DB1AE3}.Debug|Any CPU.Build.0 = Debug|Any CPU
		{E98DEEC4-F89F-4271-8D04-7E9069DB1AE3}.Debug|Any CPU.Deploy.0 = Debug|Any CPU
		{E98DEEC4-F89F-4271-8D04-7E9069DB1AE3}.Debug|iPhone.ActiveCfg = Debug|Any CPU
		{E98DEEC4-F89F-4271-8D04-7E9069DB1AE3}.Debug|iPhone.Build.0 = Debug|Any CPU
		{E98DEEC4-F89F-4271-8D04-7E9069DB1AE3}.Debug|iPhone.Deploy.0 = Debug|Any CPU
		{E98DEEC4-F89F-4271-8D04-7E9069DB1AE3}.Debug|iPhoneSimulator.ActiveCfg = Debug|Any CPU
		{E98DEEC4-F89F-4271-8D04-7E9069DB1AE3}.Debug|iPhoneSimulator.Build.0 = Debug|Any CPU
		{E98DEEC4-F89F-4271-8D04-7E9069DB1AE3}.Debug|iPhoneSimulator.Deploy.0 = Debug|Any CPU
		{E98DEEC4-F89F-4271-8D04-7E9069DB1AE3}.Release|Any CPU.ActiveCfg = Release|Any CPU
		{E98DEEC4-F89F-4271-8D04-7E9069DB1AE3}.Release|Any CPU.Build.0 = Release|Any CPU
		{E98DEEC4-F89F-4271-8D04-7E9069DB1AE3}.Release|Any CPU.Deploy.0 = Release|Any CPU
		{E98DEEC4-F89F-4271-8D04-7E9069DB1AE3}.Release|iPhone.ActiveCfg = Release|Any CPU
		{E98DEEC4-F89F-4271-8D04-7E9069DB1AE3}.Release|iPhone.Build.0 = Release|Any CPU
		{E98DEEC4-F89F-4271-8D04-7E9069DB1AE3}.Release|iPhone.Deploy.0 = Release|Any CPU
		{E98DEEC4-F89F-4271-8D04-7E9069DB1AE3}.Release|iPhoneSimulator.ActiveCfg = Release|Any CPU
		{E98DEEC4-F89F-4271-8D04-7E9069DB1AE3}.Release|iPhoneSimulator.Build.0 = Release|Any CPU
		{E98DEEC4-F89F-4271-8D04-7E9069DB1AE3}.Release|iPhoneSimulator.Deploy.0 = Release|Any CPU
		{B0E52022-1E41-4F15-A978-F08F20FA1B26}.Ad-Hoc|Any CPU.ActiveCfg = Release|Any CPU
		{B0E52022-1E41-4F15-A978-F08F20FA1B26}.Ad-Hoc|Any CPU.Build.0 = Release|Any CPU
		{B0E52022-1E41-4F15-A978-F08F20FA1B26}.Ad-Hoc|iPhone.ActiveCfg = Release|Any CPU
		{B0E52022-1E41-4F15-A978-F08F20FA1B26}.Ad-Hoc|iPhone.Build.0 = Release|Any CPU
		{B0E52022-1E41-4F15-A978-F08F20FA1B26}.Ad-Hoc|iPhoneSimulator.ActiveCfg = Release|Any CPU
		{B0E52022-1E41-4F15-A978-F08F20FA1B26}.Ad-Hoc|iPhoneSimulator.Build.0 = Release|Any CPU
		{B0E52022-1E41-4F15-A978-F08F20FA1B26}.AppStore|Any CPU.ActiveCfg = Release|Any CPU
		{B0E52022-1E41-4F15-A978-F08F20FA1B26}.AppStore|Any CPU.Build.0 = Release|Any CPU
		{B0E52022-1E41-4F15-A978-F08F20FA1B26}.AppStore|iPhone.ActiveCfg = Release|Any CPU
		{B0E52022-1E41-4F15-A978-F08F20FA1B26}.AppStore|iPhone.Build.0 = Release|Any CPU
		{B0E52022-1E41-4F15-A978-F08F20FA1B26}.AppStore|iPhoneSimulator.ActiveCfg = Release|Any CPU
		{B0E52022-1E41-4F15-A978-F08F20FA1B26}.AppStore|iPhoneSimulator.Build.0 = Release|Any CPU
		{B0E52022-1E41-4F15-A978-F08F20FA1B26}.Debug|Any CPU.ActiveCfg = Debug|Any CPU
		{B0E52022-1E41-4F15-A978-F08F20FA1B26}.Debug|Any CPU.Build.0 = Debug|Any CPU
		{B0E52022-1E41-4F15-A978-F08F20FA1B26}.Debug|iPhone.ActiveCfg = Debug|Any CPU
		{B0E52022-1E41-4F15-A978-F08F20FA1B26}.Debug|iPhone.Build.0 = Debug|Any CPU
		{B0E52022-1E41-4F15-A978-F08F20FA1B26}.Debug|iPhoneSimulator.ActiveCfg = Debug|Any CPU
		{B0E52022-1E41-4F15-A978-F08F20FA1B26}.Debug|iPhoneSimulator.Build.0 = Debug|Any CPU
		{B0E52022-1E41-4F15-A978-F08F20FA1B26}.Release|Any CPU.ActiveCfg = Release|Any CPU
		{B0E52022-1E41-4F15-A978-F08F20FA1B26}.Release|Any CPU.Build.0 = Release|Any CPU
		{B0E52022-1E41-4F15-A978-F08F20FA1B26}.Release|iPhone.ActiveCfg = Release|Any CPU
		{B0E52022-1E41-4F15-A978-F08F20FA1B26}.Release|iPhone.Build.0 = Release|Any CPU
		{B0E52022-1E41-4F15-A978-F08F20FA1B26}.Release|iPhoneSimulator.ActiveCfg = Release|Any CPU
		{B0E52022-1E41-4F15-A978-F08F20FA1B26}.Release|iPhoneSimulator.Build.0 = Release|Any CPU
		{AE573072-38EA-4CC7-93EB-926AFBBD5E13}.Ad-Hoc|Any CPU.ActiveCfg = Release|Any CPU
		{AE573072-38EA-4CC7-93EB-926AFBBD5E13}.Ad-Hoc|Any CPU.Build.0 = Release|Any CPU
		{AE573072-38EA-4CC7-93EB-926AFBBD5E13}.Ad-Hoc|iPhone.ActiveCfg = Release|Any CPU
		{AE573072-38EA-4CC7-93EB-926AFBBD5E13}.Ad-Hoc|iPhone.Build.0 = Release|Any CPU
		{AE573072-38EA-4CC7-93EB-926AFBBD5E13}.Ad-Hoc|iPhoneSimulator.ActiveCfg = Release|Any CPU
		{AE573072-38EA-4CC7-93EB-926AFBBD5E13}.Ad-Hoc|iPhoneSimulator.Build.0 = Release|Any CPU
		{AE573072-38EA-4CC7-93EB-926AFBBD5E13}.AppStore|Any CPU.ActiveCfg = Release|Any CPU
		{AE573072-38EA-4CC7-93EB-926AFBBD5E13}.AppStore|Any CPU.Build.0 = Release|Any CPU
		{AE573072-38EA-4CC7-93EB-926AFBBD5E13}.AppStore|iPhone.ActiveCfg = Release|Any CPU
		{AE573072-38EA-4CC7-93EB-926AFBBD5E13}.AppStore|iPhone.Build.0 = Release|Any CPU
		{AE573072-38EA-4CC7-93EB-926AFBBD5E13}.AppStore|iPhoneSimulator.ActiveCfg = Release|Any CPU
		{AE573072-38EA-4CC7-93EB-926AFBBD5E13}.AppStore|iPhoneSimulator.Build.0 = Release|Any CPU
		{AE573072-38EA-4CC7-93EB-926AFBBD5E13}.Debug|Any CPU.ActiveCfg = Debug|Any CPU
		{AE573072-38EA-4CC7-93EB-926AFBBD5E13}.Debug|Any CPU.Build.0 = Debug|Any CPU
		{AE573072-38EA-4CC7-93EB-926AFBBD5E13}.Debug|iPhone.ActiveCfg = Debug|Any CPU
		{AE573072-38EA-4CC7-93EB-926AFBBD5E13}.Debug|iPhone.Build.0 = Debug|Any CPU
		{AE573072-38EA-4CC7-93EB-926AFBBD5E13}.Debug|iPhoneSimulator.ActiveCfg = Debug|Any CPU
		{AE573072-38EA-4CC7-93EB-926AFBBD5E13}.Debug|iPhoneSimulator.Build.0 = Debug|Any CPU
		{AE573072-38EA-4CC7-93EB-926AFBBD5E13}.Release|Any CPU.ActiveCfg = Release|Any CPU
		{AE573072-38EA-4CC7-93EB-926AFBBD5E13}.Release|Any CPU.Build.0 = Release|Any CPU
		{AE573072-38EA-4CC7-93EB-926AFBBD5E13}.Release|iPhone.ActiveCfg = Release|Any CPU
		{AE573072-38EA-4CC7-93EB-926AFBBD5E13}.Release|iPhone.Build.0 = Release|Any CPU
		{AE573072-38EA-4CC7-93EB-926AFBBD5E13}.Release|iPhoneSimulator.ActiveCfg = Release|Any CPU
		{AE573072-38EA-4CC7-93EB-926AFBBD5E13}.Release|iPhoneSimulator.Build.0 = Release|Any CPU
	EndGlobalSection
	GlobalSection(SolutionProperties) = preSolution
		HideSolutionNode = FALSE
	EndGlobalSection
	GlobalSection(ExtensibilityGlobals) = postSolution
		SolutionGuid = {F8277853-C3B8-4AFB-8DB1-0BC0A4A1A515}
	EndGlobalSection
EndGlobal
